// !$*UTF8*$!
{
	archiveVersion = 1;
	classes = {
	};
	objectVersion = 55;
	objects = {

/* Begin PBXBuildFile section */
		E853B343277E6FC5002CBE2F /* AppDelegate.swift in Sources */ = {isa = PBXBuildFile; fileRef = E853B342277E6FC5002CBE2F /* AppDelegate.swift */; };
		E853B345277E6FC5002CBE2F /* SceneDelegate.swift in Sources */ = {isa = PBXBuildFile; fileRef = E853B344277E6FC5002CBE2F /* SceneDelegate.swift */; };
		E853B347277E6FC5002CBE2F /* ViewController.swift in Sources */ = {isa = PBXBuildFile; fileRef = E853B346277E6FC5002CBE2F /* ViewController.swift */; };
		E853B34A277E6FC5002CBE2F /* Main.storyboard in Resources */ = {isa = PBXBuildFile; fileRef = E853B348277E6FC5002CBE2F /* Main.storyboard */; };
		E853B34C277E6FC6002CBE2F /* Assets.xcassets in Resources */ = {isa = PBXBuildFile; fileRef = E853B34B277E6FC6002CBE2F /* Assets.xcassets */; };
		E853B34F277E6FC6002CBE2F /* LaunchScreen.storyboard in Resources */ = {isa = PBXBuildFile; fileRef = E853B34D277E6FC6002CBE2F /* LaunchScreen.storyboard */; };
		E853B35A277E6FC7002CBE2F /* calculatorTests.swift in Sources */ = {isa = PBXBuildFile; fileRef = E853B359277E6FC7002CBE2F /* calculatorTests.swift */; };
		E853B364277E6FC7002CBE2F /* calculatorUITests.swift in Sources */ = {isa = PBXBuildFile; fileRef = E853B363277E6FC7002CBE2F /* calculatorUITests.swift */; };
		E853B366277E6FC7002CBE2F /* calculatorUITestsLaunchTests.swift in Sources */ = {isa = PBXBuildFile; fileRef = E853B365277E6FC7002CBE2F /* calculatorUITestsLaunchTests.swift */; };
/* End PBXBuildFile section */

/* Begin PBXContainerItemProxy section */
		E853B356277E6FC7002CBE2F /* PBXContainerItemProxy */ = {
			isa = PBXContainerItemProxy;
			containerPortal = E853B337277E6FC5002CBE2F /* Project object */;
			proxyType = 1;
			remoteGlobalIDString = E853B33E277E6FC5002CBE2F;
			remoteInfo = calculator;
		};
		E853B360277E6FC7002CBE2F /* PBXContainerItemProxy */ = {
			isa = PBXContainerItemProxy;
			containerPortal = E853B337277E6FC5002CBE2F /* Project object */;
			proxyType = 1;
			remoteGlobalIDString = E853B33E277E6FC5002CBE2F;
			remoteInfo = calculator;
		};
/* End PBXContainerItemProxy section */

/* Begin PBXFileReference section */
		E853B33F277E6FC5002CBE2F /* calculator.app */ = {isa = PBXFileReference; explicitFileType = wrapper.application; includeInIndex = 0; path = calculator.app; sourceTree = BUILT_PRODUCTS_DIR; };
		E853B342277E6FC5002CBE2F /* AppDelegate.swift */ = {isa = PBXFileReference; lastKnownFileType = sourcecode.swift; path = AppDelegate.swift; sourceTree = "<group>"; };
		E853B344277E6FC5002CBE2F /* SceneDelegate.swift */ = {isa = PBXFileReference; lastKnownFileType = sourcecode.swift; path = SceneDelegate.swift; sourceTree = "<group>"; };
		E853B346277E6FC5002CBE2F /* ViewController.swift */ = {isa = PBXFileReference; lastKnownFileType = sourcecode.swift; path = ViewController.swift; sourceTree = "<group>"; tabWidth = 5; };
		E853B349277E6FC5002CBE2F /* Base */ = {isa = PBXFileReference; lastKnownFileType = file.storyboard; name = Base; path = Base.lproj/Main.storyboard; sourceTree = "<group>"; };
		E853B34B277E6FC6002CBE2F /* Assets.xcassets */ = {isa = PBXFileReference; lastKnownFileType = folder.assetcatalog; path = Assets.xcassets; sourceTree = "<group>"; };
		E853B34E277E6FC6002CBE2F /* Base */ = {isa = PBXFileReference; lastKnownFileType = file.storyboard; name = Base; path = Base.lproj/LaunchScreen.storyboard; sourceTree = "<group>"; };
		E853B350277E6FC6002CBE2F /* Info.plist */ = {isa = PBXFileReference; lastKnownFileType = text.plist.xml; path = Info.plist; sourceTree = "<group>"; };
		E853B355277E6FC7002CBE2F /* calculatorTests.xctest */ = {isa = PBXFileReference; explicitFileType = wrapper.cfbundle; includeInIndex = 0; path = calculatorTests.xctest; sourceTree = BUILT_PRODUCTS_DIR; };
		E853B359277E6FC7002CBE2F /* calculatorTests.swift */ = {isa = PBXFileReference; lastKnownFileType = sourcecode.swift; path = calculatorTests.swift; sourceTree = "<group>"; };
		E853B35F277E6FC7002CBE2F /* calculatorUITests.xctest */ = {isa = PBXFileReference; explicitFileType = wrapper.cfbundle; includeInIndex = 0; path = calculatorUITests.xctest; sourceTree = BUILT_PRODUCTS_DIR; };
		E853B363277E6FC7002CBE2F /* calculatorUITests.swift */ = {isa = PBXFileReference; lastKnownFileType = sourcecode.swift; path = calculatorUITests.swift; sourceTree = "<group>"; };
		E853B365277E6FC7002CBE2F /* calculatorUITestsLaunchTests.swift */ = {isa = PBXFileReference; lastKnownFileType = sourcecode.swift; path = calculatorUITestsLaunchTests.swift; sourceTree = "<group>"; };
/* End PBXFileReference section */

/* Begin PBXFrameworksBuildPhase section */
		E853B33C277E6FC5002CBE2F /* Frameworks */ = {
			isa = PBXFrameworksBuildPhase;
			buildActionMask = 2147483647;
			files = (
			);
			runOnlyForDeploymentPostprocessing = 0;
		};
		E853B352277E6FC7002CBE2F /* Frameworks */ = {
			isa = PBXFrameworksBuildPhase;
			buildActionMask = 2147483647;
			files = (
			);
			runOnlyForDeploymentPostprocessing = 0;
		};
		E853B35C277E6FC7002CBE2F /* Frameworks */ = {
			isa = PBXFrameworksBuildPhase;
			buildActionMask = 2147483647;
			files = (
			);
			runOnlyForDeploymentPostprocessing = 0;
		};
/* End PBXFrameworksBuildPhase section */

/* Begin PBXGroup section */
		E853B336277E6FC5002CBE2F = {
			isa = PBXGroup;
			children = (
				E853B341277E6FC5002CBE2F /* calculator */,
				E853B358277E6FC7002CBE2F /* calculatorTests */,
				E853B362277E6FC7002CBE2F /* calculatorUITests */,
				E853B340277E6FC5002CBE2F /* Products */,
			);
			sourceTree = "<group>";
		};
		E853B340277E6FC5002CBE2F /* Products */ = {
			isa = PBXGroup;
			children = (
				E853B33F277E6FC5002CBE2F /* calculator.app */,
				E853B355277E6FC7002CBE2F /* calculatorTests.xctest */,
				E853B35F277E6FC7002CBE2F /* calculatorUITests.xctest */,
			);
			name = Products;
			sourceTree = "<group>";
		};
		E853B341277E6FC5002CBE2F /* calculator */ = {
			isa = PBXGroup;
			children = (
				E853B342277E6FC5002CBE2F /* AppDelegate.swift */,
				E853B344277E6FC5002CBE2F /* SceneDelegate.swift */,
				E853B346277E6FC5002CBE2F /* ViewController.swift */,
				E853B348277E6FC5002CBE2F /* Main.storyboard */,
				E853B34B277E6FC6002CBE2F /* Assets.xcassets */,
				E853B34D277E6FC6002CBE2F /* LaunchScreen.storyboard */,
				E853B350277E6FC6002CBE2F /* Info.plist */,
			);
			path = calculator;
			sourceTree = "<group>";
		};
		E853B358277E6FC7002CBE2F /* calculatorTests */ = {
			isa = PBXGroup;
			children = (
				E853B359277E6FC7002CBE2F /* calculatorTests.swift */,
			);
			path = calculatorTests;
			sourceTree = "<group>";
		};
		E853B362277E6FC7002CBE2F /* calculatorUITests */ = {
			isa = PBXGroup;
			children = (
				E853B363277E6FC7002CBE2F /* calculatorUITests.swift */,
				E853B365277E6FC7002CBE2F /* calculatorUITestsLaunchTests.swift */,
			);
			path = calculatorUITests;
			sourceTree = "<group>";
		};
/* End PBXGroup section */

/* Begin PBXNativeTarget section */
		E853B33E277E6FC5002CBE2F /* calculator */ = {
			isa = PBXNativeTarget;
			buildConfigurationList = E853B369277E6FC7002CBE2F /* Build configuration list for PBXNativeTarget "calculator" */;
			buildPhases = (
				E853B33B277E6FC5002CBE2F /* Sources */,
				E853B33C277E6FC5002CBE2F /* Frameworks */,
				E853B33D277E6FC5002CBE2F /* Resources */,
			);
			buildRules = (
			);
			dependencies = (
			);
			name = calculator;
			productName = calculator;
			productReference = E853B33F277E6FC5002CBE2F /* calculator.app */;
			productType = "com.apple.product-type.application";
		};
		E853B354277E6FC7002CBE2F /* calculatorTests */ = {
			isa = PBXNativeTarget;
			buildConfigurationList = E853B36C277E6FC7002CBE2F /* Build configuration list for PBXNativeTarget "calculatorTests" */;
			buildPhases = (
				E853B351277E6FC7002CBE2F /* Sources */,
				E853B352277E6FC7002CBE2F /* Frameworks */,
				E853B353277E6FC7002CBE2F /* Resources */,
			);
			buildRules = (
			);
			dependencies = (
				E853B357277E6FC7002CBE2F /* PBXTargetDependency */,
			);
			name = calculatorTests;
			productName = calculatorTests;
			productReference = E853B355277E6FC7002CBE2F /* calculatorTests.xctest */;
			productType = "com.apple.product-type.bundle.unit-test";
		};
		E853B35E277E6FC7002CBE2F /* calculatorUITests */ = {
			isa = PBXNativeTarget;
			buildConfigurationList = E853B36F277E6FC7002CBE2F /* Build configuration list for PBXNativeTarget "calculatorUITests" */;
			buildPhases = (
				E853B35B277E6FC7002CBE2F /* Sources */,
				E853B35C277E6FC7002CBE2F /* Frameworks */,
				E853B35D277E6FC7002CBE2F /* Resources */,
			);
			buildRules = (
			);
			dependencies = (
				E853B361277E6FC7002CBE2F /* PBXTargetDependency */,
			);
			name = calculatorUITests;
			productName = calculatorUITests;
			productReference = E853B35F277E6FC7002CBE2F /* calculatorUITests.xctest */;
			productType = "com.apple.product-type.bundle.ui-testing";
		};
/* End PBXNativeTarget section */

/* Begin PBXProject section */
		E853B337277E6FC5002CBE2F /* Project object */ = {
			isa = PBXProject;
			attributes = {
				BuildIndependentTargetsInParallel = 1;
				LastSwiftUpdateCheck = 1320;
				LastUpgradeCheck = 1320;
				TargetAttributes = {
					E853B33E277E6FC5002CBE2F = {
						CreatedOnToolsVersion = 13.2.1;
					};
					E853B354277E6FC7002CBE2F = {
						CreatedOnToolsVersion = 13.2.1;
						TestTargetID = E853B33E277E6FC5002CBE2F;
					};
					E853B35E277E6FC7002CBE2F = {
						CreatedOnToolsVersion = 13.2.1;
						TestTargetID = E853B33E277E6FC5002CBE2F;
					};
				};
			};
			buildConfigurationList = E853B33A277E6FC5002CBE2F /* Build configuration list for PBXProject "calculator" */;
			compatibilityVersion = "Xcode 13.0";
			developmentRegion = en;
			hasScannedForEncodings = 0;
			knownRegions = (
				en,
				Base,
			);
			mainGroup = E853B336277E6FC5002CBE2F;
			productRefGroup = E853B340277E6FC5002CBE2F /* Products */;
			projectDirPath = "";
			projectRoot = "";
			targets = (
				E853B33E277E6FC5002CBE2F /* calculator */,
				E853B354277E6FC7002CBE2F /* calculatorTests */,
				E853B35E277E6FC7002CBE2F /* calculatorUITests */,
			);
		};
/* End PBXProject section */

/* Begin PBXResourcesBuildPhase section */
		E853B33D277E6FC5002CBE2F /* Resources */ = {
			isa = PBXResourcesBuildPhase;
			buildActionMask = 2147483647;
			files = (
				E853B34F277E6FC6002CBE2F /* LaunchScreen.storyboard in Resources */,
				E853B34C277E6FC6002CBE2F /* Assets.xcassets in Resources */,
				E853B34A277E6FC5002CBE2F /* Main.storyboard in Resources */,
			);
			runOnlyForDeploymentPostprocessing = 0;
		};
		E853B353277E6FC7002CBE2F /* Resources */ = {
			isa = PBXResourcesBuildPhase;
			buildActionMask = 2147483647;
			files = (
			);
			runOnlyForDeploymentPostprocessing = 0;
		};
		E853B35D277E6FC7002CBE2F /* Resources */ = {
			isa = PBXResourcesBuildPhase;
			buildActionMask = 2147483647;
			files = (
			);
			runOnlyForDeploymentPostprocessing = 0;
		};
/* End PBXResourcesBuildPhase section */

/* Begin PBXSourcesBuildPhase section */
		E853B33B277E6FC5002CBE2F /* Sources */ = {
			isa = PBXSourcesBuildPhase;
			buildActionMask = 2147483647;
			files = (
				E853B347277E6FC5002CBE2F /* ViewController.swift in Sources */,
				E853B343277E6FC5002CBE2F /* AppDelegate.swift in Sources */,
				E853B345277E6FC5002CBE2F /* SceneDelegate.swift in Sources */,
			);
			runOnlyForDeploymentPostprocessing = 0;
		};
		E853B351277E6FC7002CBE2F /* Sources */ = {
			isa = PBXSourcesBuildPhase;
			buildActionMask = 2147483647;
			files = (
				E853B35A277E6FC7002CBE2F /* calculatorTests.swift in Sources */,
			);
			runOnlyForDeploymentPostprocessing = 0;
		};
		E853B35B277E6FC7002CBE2F /* Sources */ = {
			isa = PBXSourcesBuildPhase;
			buildActionMask = 2147483647;
			files = (
				E853B366277E6FC7002CBE2F /* calculatorUITestsLaunchTests.swift in Sources */,
				E853B364277E6FC7002CBE2F /* calculatorUITests.swift in Sources */,
			);
			runOnlyForDeploymentPostprocessing = 0;
		};
/* End PBXSourcesBuildPhase section */

/* Begin PBXTargetDependency section */
		E853B357277E6FC7002CBE2F /* PBXTargetDependency */ = {
			isa = PBXTargetDependency;
			target = E853B33E277E6FC5002CBE2F /* calculator */;
			targetProxy = E853B356277E6FC7002CBE2F /* PBXContainerItemProxy */;
		};
		E853B361277E6FC7002CBE2F /* PBXTargetDependency */ = {
			isa = PBXTargetDependency;
			target = E853B33E277E6FC5002CBE2F /* calculator */;
			targetProxy = E853B360277E6FC7002CBE2F /* PBXContainerItemProxy */;
		};
/* End PBXTargetDependency section */

/* Begin PBXVariantGroup section */
		E853B348277E6FC5002CBE2F /* Main.storyboard */ = {
			isa = PBXVariantGroup;
			children = (
				E853B349277E6FC5002CBE2F /* Base */,
			);
			name = Main.storyboard;
			sourceTree = "<group>";
		};
		E853B34D277E6FC6002CBE2F /* LaunchScreen.storyboard */ = {
			isa = PBXVariantGroup;
			children = (
				E853B34E277E6FC6002CBE2F /* Base */,
			);
			name = LaunchScreen.storyboard;
			sourceTree = "<group>";
		};
/* End PBXVariantGroup section */

/* Begin XCBuildConfiguration section */
		E853B367277E6FC7002CBE2F /* Debug */ = {
			isa = XCBuildConfiguration;
			buildSettings = {
				ALWAYS_SEARCH_USER_PATHS = NO;
				CLANG_ANALYZER_NONNULL = YES;
				CLANG_ANALYZER_NUMBER_OBJECT_CONVERSION = YES_AGGRESSIVE;
				CLANG_CXX_LANGUAGE_STANDARD = "gnu++17";
				CLANG_CXX_LIBRARY = "libc++";
				CLANG_ENABLE_MODULES = YES;
				CLANG_ENABLE_OBJC_ARC = YES;
				CLANG_ENABLE_OBJC_WEAK = YES;
				CLANG_WARN_BLOCK_CAPTURE_AUTORELEASING = YES;
				CLANG_WARN_BOOL_CONVERSION = YES;
				CLANG_WARN_COMMA = YES;
				CLANG_WARN_CONSTANT_CONVERSION = YES;
				CLANG_WARN_DEPRECATED_OBJC_IMPLEMENTATIONS = YES;
				CLANG_WARN_DIRECT_OBJC_ISA_USAGE = YES_ERROR;
				CLANG_WARN_DOCUMENTATION_COMMENTS = YES;
				CLANG_WARN_EMPTY_BODY = YES;
				CLANG_WARN_ENUM_CONVERSION = YES;
				CLANG_WARN_INFINITE_RECURSION = YES;
				CLANG_WARN_INT_CONVERSION = YES;
				CLANG_WARN_NON_LITERAL_NULL_CONVERSION = YES;
				CLANG_WARN_OBJC_IMPLICIT_RETAIN_SELF = YES;
				CLANG_WARN_OBJC_LITERAL_CONVERSION = YES;
				CLANG_WARN_OBJC_ROOT_CLASS = YES_ERROR;
				CLANG_WARN_QUOTED_INCLUDE_IN_FRAMEWORK_HEADER = YES;
				CLANG_WARN_RANGE_LOOP_ANALYSIS = YES;
				CLANG_WARN_STRICT_PROTOTYPES = YES;
				CLANG_WARN_SUSPICIOUS_MOVE = YES;
				CLANG_WARN_UNGUARDED_AVAILABILITY = YES_AGGRESSIVE;
				CLANG_WARN_UNREACHABLE_CODE = YES;
				CLANG_WARN__DUPLICATE_METHOD_MATCH = YES;
				COPY_PHASE_STRIP = NO;
				DEBUG_INFORMATION_FORMAT = dwarf;
				ENABLE_STRICT_OBJC_MSGSEND = YES;
				ENABLE_TESTABILITY = YES;
				GCC_C_LANGUAGE_STANDARD = gnu11;
				GCC_DYNAMIC_NO_PIC = NO;
				GCC_NO_COMMON_BLOCKS = YES;
				GCC_OPTIMIZATION_LEVEL = 0;
				GCC_PREPROCESSOR_DEFINITIONS = (
					"DEBUG=1",
					"$(inherited)",
				);
				GCC_WARN_64_TO_32_BIT_CONVERSION = YES;
				GCC_WARN_ABOUT_RETURN_TYPE = YES_ERROR;
				GCC_WARN_UNDECLARED_SELECTOR = YES;
				GCC_WARN_UNINITIALIZED_AUTOS = YES_AGGRESSIVE;
				GCC_WARN_UNUSED_FUNCTION = YES;
				GCC_WARN_UNUSED_VARIABLE = YES;
				IPHONEOS_DEPLOYMENT_TARGET = 15.2;
				MTL_ENABLE_DEBUG_INFO = INCLUDE_SOURCE;
				MTL_FAST_MATH = YES;
				ONLY_ACTIVE_ARCH = YES;
				SDKROOT = iphoneos;
				SWIFT_ACTIVE_COMPILATION_CONDITIONS = DEBUG;
				SWIFT_OPTIMIZATION_LEVEL = "-Onone";
			};
			name = Debug;
		};
		E853B368277E6FC7002CBE2F /* Release */ = {
			isa = XCBuildConfiguration;
			buildSettings = {
				ALWAYS_SEARCH_USER_PATHS = NO;
				CLANG_ANALYZER_NONNULL = YES;
				CLANG_ANALYZER_NUMBER_OBJECT_CONVERSION = YES_AGGRESSIVE;
				CLANG_CXX_LANGUAGE_STANDARD = "gnu++17";
				CLANG_CXX_LIBRARY = "libc++";
				CLANG_ENABLE_MODULES = YES;
				CLANG_ENABLE_OBJC_ARC = YES;
				CLANG_ENABLE_OBJC_WEAK = YES;
				CLANG_WARN_BLOCK_CAPTURE_AUTORELEASING = YES;
				CLANG_WARN_BOOL_CONVERSION = YES;
				CLANG_WARN_COMMA = YES;
				CLANG_WARN_CONSTANT_CONVERSION = YES;
				CLANG_WARN_DEPRECATED_OBJC_IMPLEMENTATIONS = YES;
				CLANG_WARN_DIRECT_OBJC_ISA_USAGE = YES_ERROR;
				CLANG_WARN_DOCUMENTATION_COMMENTS = YES;
				CLANG_WARN_EMPTY_BODY = YES;
				CLANG_WARN_ENUM_CONVERSION = YES;
				CLANG_WARN_INFINITE_RECURSION = YES;
				CLANG_WARN_INT_CONVERSION = YES;
				CLANG_WARN_NON_LITERAL_NULL_CONVERSION = YES;
				CLANG_WARN_OBJC_IMPLICIT_RETAIN_SELF = YES;
				CLANG_WARN_OBJC_LITERAL_CONVERSION = YES;
				CLANG_WARN_OBJC_ROOT_CLASS = YES_ERROR;
				CLANG_WARN_QUOTED_INCLUDE_IN_FRAMEWORK_HEADER = YES;
				CLANG_WARN_RANGE_LOOP_ANALYSIS = YES;
				CLANG_WARN_STRICT_PROTOTYPES = YES;
				CLANG_WARN_SUSPICIOUS_MOVE = YES;
				CLANG_WARN_UNGUARDED_AVAILABILITY = YES_AGGRESSIVE;
				CLANG_WARN_UNREACHABLE_CODE = YES;
				CLANG_WARN__DUPLICATE_METHOD_MATCH = YES;
				COPY_PHASE_STRIP = NO;
				DEBUG_INFORMATION_FORMAT = "dwarf-with-dsym";
				ENABLE_NS_ASSERTIONS = NO;
				ENABLE_STRICT_OBJC_MSGSEND = YES;
				GCC_C_LANGUAGE_STANDARD = gnu11;
				GCC_NO_COMMON_BLOCKS = YES;
				GCC_WARN_64_TO_32_BIT_CONVERSION = YES;
				GCC_WARN_ABOUT_RETURN_TYPE = YES_ERROR;
				GCC_WARN_UNDECLARED_SELECTOR = YES;
				GCC_WARN_UNINITIALIZED_AUTOS = YES_AGGRESSIVE;
				GCC_WARN_UNUSED_FUNCTION = YES;
				GCC_WARN_UNUSED_VARIABLE = YES;
				IPHONEOS_DEPLOYMENT_TARGET = 15.2;
				MTL_ENABLE_DEBUG_INFO = NO;
				MTL_FAST_MATH = YES;
				SDKROOT = iphoneos;
				SWIFT_COMPILATION_MODE = wholemodule;
				SWIFT_OPTIMIZATION_LEVEL = "-O";
				VALIDATE_PRODUCT = YES;
			};
			name = Release;
		};
		E853B36A277E6FC7002CBE2F /* Debug */ = {
			isa = XCBuildConfiguration;
			buildSettings = {
				ASSETCATALOG_COMPILER_APPICON_NAME = AppIcon;
				ASSETCATALOG_COMPILER_GLOBAL_ACCENT_COLOR_NAME = AccentColor;
				CODE_SIGN_STYLE = Automatic;
				CURRENT_PROJECT_VERSION = 1;
				GENERATE_INFOPLIST_FILE = YES;
				INFOPLIST_FILE = calculator/Info.plist;
				INFOPLIST_KEY_UIApplicationSupportsIndirectInputEvents = YES;
				INFOPLIST_KEY_UILaunchStoryboardName = LaunchScreen;
				INFOPLIST_KEY_UIMainStoryboardFile = Main;
				INFOPLIST_KEY_UISupportedInterfaceOrientations_iPad = "UIInterfaceOrientationPortrait UIInterfaceOrientationPortraitUpsideDown UIInterfaceOrientationLandscapeLeft UIInterfaceOrientationLandscapeRight";
				INFOPLIST_KEY_UISupportedInterfaceOrientations_iPhone = "UIInterfaceOrientationPortrait UIInterfaceOrientationLandscapeLeft UIInterfaceOrientationLandscapeRight";
				LD_RUNPATH_SEARCH_PATHS = (
					"$(inherited)",
					"@executable_path/Frameworks",
				);
				MARKETING_VERSION = 1.0;
				PRODUCT_BUNDLE_IDENTIFIER = memo.com.calculator;
				PRODUCT_NAME = "$(TARGET_NAME)";
				SWIFT_EMIT_LOC_STRINGS = YES;
				SWIFT_VERSION = 5.0;
				TARGETED_DEVICE_FAMILY = "1,2";
			};
			name = Debug;
		};
		E853B36B277E6FC7002CBE2F /* Release */ = {
			isa = XCBuildConfiguration;
			buildSettings = {
				ASSETCATALOG_COMPILER_APPICON_NAME = AppIcon;
				ASSETCATALOG_COMPILER_GLOBAL_ACCENT_COLOR_NAME = AccentColor;
				CODE_SIGN_STYLE = Automatic;
				CURRENT_PROJECT_VERSION = 1;
				GENERATE_INFOPLIST_FILE = YES;
				INFOPLIST_FILE = calculator/Info.plist;
				INFOPLIST_KEY_UIApplicationSupportsIndirectInputEvents = YES;
				INFOPLIST_KEY_UILaunchStoryboardName = LaunchScreen;
				INFOPLIST_KEY_UIMainStoryboardFile = Main;
				INFOPLIST_KEY_UISupportedInterfaceOrientations_iPad = "UIInterfaceOrientationPortrait UIInterfaceOrientationPortraitUpsideDown UIInterfaceOrientationLandscapeLeft UIInterfaceOrientationLandscapeRight";
				INFOPLIST_KEY_UISupportedInterfaceOrientations_iPhone = "UIInterfaceOrientationPortrait UIInterfaceOrientationLandscapeLeft UIInterfaceOrientationLandscapeRight";
				LD_RUNPATH_SEARCH_PATHS = (
					"$(inherited)",
					"@executable_path/Frameworks",
				);
				MARKETING_VERSION = 1.0;
				PRODUCT_BUNDLE_IDENTIFIER = memo.com.calculator;
				PRODUCT_NAME = "$(TARGET_NAME)";
				SWIFT_EMIT_LOC_STRINGS = YES;
				SWIFT_VERSION = 5.0;
				TARGETED_DEVICE_FAMILY = "1,2";
			};
			name = Release;
		};
		E853B36D277E6FC7002CBE2F /* Debug */ = {
			isa = XCBuildConfiguration;
			buildSettings = {
				ALWAYS_EMBED_SWIFT_STANDARD_LIBRARIES = YES;
				BUNDLE_LOADER = "$(TEST_HOST)";
				CODE_SIGN_STYLE = Automatic;
				CURRENT_PROJECT_VERSION = 1;
				GENERATE_INFOPLIST_FILE = YES;
				IPHONEOS_DEPLOYMENT_TARGET = 15.2;
				MARKETING_VERSION = 1.0;
				PRODUCT_BUNDLE_IDENTIFIER = memo.com.calculatorTests;
				PRODUCT_NAME = "$(TARGET_NAME)";
				SWIFT_EMIT_LOC_STRINGS = NO;
				SWIFT_VERSION = 5.0;
				TARGETED_DEVICE_FAMILY = "1,2";
				TEST_HOST = "$(BUILT_PRODUCTS_DIR)/calculator.app/calculator";
			};
			name = Debug;
		};
		E853B36E277E6FC7002CBE2F /* Release */ = {
			isa = XCBuildConfiguration;
			buildSettings = {
				ALWAYS_EMBED_SWIFT_STANDARD_LIBRARIES = YES;
				BUNDLE_LOADER = "$(TEST_HOST)";
				CODE_SIGN_STYLE = Automatic;
				CURRENT_PROJECT_VERSION = 1;
				GENERATE_INFOPLIST_FILE = YES;
				IPHONEOS_DEPLOYMENT_TARGET = 15.2;
				MARKETING_VERSION = 1.0;
				PRODUCT_BUNDLE_IDENTIFIER = memo.com.calculatorTests;
				PRODUCT_NAME = "$(TARGET_NAME)";
				SWIFT_EMIT_LOC_STRINGS = NO;
				SWIFT_VERSION = 5.0;
				TARGETED_DEVICE_FAMILY = "1,2";
				TEST_HOST = "$(BUILT_PRODUCTS_DIR)/calculator.app/calculator";
			};
			name = Release;
		};
		E853B370277E6FC7002CBE2F /* Debug */ = {
			isa = XCBuildConfiguration;
			buildSettings = {
				ALWAYS_EMBED_SWIFT_STANDARD_LIBRARIES = YES;
				CODE_SIGN_STYLE = Automatic;
				CURRENT_PROJECT_VERSION = 1;
				GENERATE_INFOPLIST_FILE = YES;
				MARKETING_VERSION = 1.0;
				PRODUCT_BUNDLE_IDENTIFIER = memo.com.calculatorUITests;
				PRODUCT_NAME = "$(TARGET_NAME)";
				SWIFT_EMIT_LOC_STRINGS = NO;
				SWIFT_VERSION = 5.0;
				TARGETED_DEVICE_FAMILY = "1,2";
				TEST_TARGET_NAME = calculator;
			};
			name = Debug;
		};
		E853B371277E6FC7002CBE2F /* Release */ = {
			isa = XCBuildConfiguration;
			buildSettings = {
				ALWAYS_EMBED_SWIFT_STANDARD_LIBRARIES = YES;
				CODE_SIGN_STYLE = Automatic;
				CURRENT_PROJECT_VERSION = 1;
				GENERATE_INFOPLIST_FILE = YES;
				MARKETING_VERSION = 1.0;
				PRODUCT_BUNDLE_IDENTIFIER = memo.com.calculatorUITests;
				PRODUCT_NAME = "$(TARGET_NAME)";
				SWIFT_EMIT_LOC_STRINGS = NO;
				SWIFT_VERSION = 5.0;
				TARGETED_DEVICE_FAMILY = "1,2";
				TEST_TARGET_NAME = calculator;
			};
			name = Release;
		};
/* End XCBuildConfiguration section */

/* Begin XCConfigurationList section */
		E853B33A277E6FC5002CBE2F /* Build configuration list for PBXProject "calculator" */ = {
			isa = XCConfigurationList;
			buildConfigurations = (
				E853B367277E6FC7002CBE2F /* Debug */,
				E853B368277E6FC7002CBE2F /* Release */,
			);
			defaultConfigurationIsVisible = 0;
			defaultConfigurationName = Release;
		};
		E853B369277E6FC7002CBE2F /* Build configuration list for PBXNativeTarget "calculator" */ = {
			isa = XCConfigurationList;
			buildConfigurations = (
				E853B36A277E6FC7002CBE2F /* Debug */,
				E853B36B277E6FC7002CBE2F /* Release */,
			);
			defaultConfigurationIsVisible = 0;
			defaultConfigurationName = Release;
		};
		E853B36C277E6FC7002CBE2F /* Build configuration list for PBXNativeTarget "calculatorTests" */ = {
			isa = XCConfigurationList;
			buildConfigurations = (
				E853B36D277E6FC7002CBE2F /* Debug */,
				E853B36E277E6FC7002CBE2F /* Release */,
			);
			defaultConfigurationIsVisible = 0;
			defaultConfigurationName = Release;
		};
		E853B36F277E6FC7002CBE2F /* Build configuration list for PBXNativeTarget "calculatorUITests" */ = {
			isa = XCConfigurationList;
			buildConfigurations = (
				E853B370277E6FC7002CBE2F /* Debug */,
				E853B371277E6FC7002CBE2F /* Release */,
			);
			defaultConfigurationIsVisible = 0;
			defaultConfigurationName = Release;
		};
/* End XCConfigurationList section */
	};
	rootObject = E853B337277E6FC5002CBE2F /* Project object */;
}
